
Microsoft Visual Studio Solution File, Format Version 12.00
# Visual Studio 14
VisualStudioVersion = 14.0.25123.0
MinimumVisualStudioVersion = 10.0.40219.1
Project("{FAE04EC0-301F-11D3-BF4B-00C04F79EFBC}") = "gitwinform", "gitwinform\gitwinform.csproj", "{CEE06FDF-2D1A-4A50-94FE-E771EEC91799}"
EndProject
Global
	GlobalSection(SolutionConfigurationPlatforms) = preSolution
		Debug|Any CPU = Debug|Any CPU
		Release|Any CPU = Release|Any CPU
	EndGlobalSection
	GlobalSection(ProjectConfigurationPlatforms) = postSolution
		{CEE06FDF-2D1A-4A50-94FE-E771EEC91799}.Debug|Any CPU.ActiveCfg = Debug|Any CPU
		{CEE06FDF-2D1A-4A50-94FE-E771EEC91799}.Debug|Any CPU.Build.0 = Debug|Any CPU
		{CEE06FDF-2D1A-4A50-94FE-E771EEC91799}.Release|Any CPU.ActiveCfg = Release|Any CPU
		{CEE06FDF-2D1A-4A50-94FE-E771EEC91799}.Release|Any CPU.Build.0 = Release|Any CPU
	EndGlobalSection
	GlobalSection(SolutionProperties) = preSolution
		HideSolutionNode = FALSE
	EndGlobalSection
EndGlobal
